
Microsoft Visual Studio Solution File, Format Version 12.00
# Visual Studio Version 17
VisualStudioVersion = 17.11.35327.3
MinimumVisualStudioVersion = 10.0.40219.1
Project("{FAE04EC0-301F-11D3-BF4B-00C04F79EFBC}") = "HAIRDRESSER2", "HAIRDRESSER2\HAIRDRESSER2.csproj", "{B5ED889B-CAE2-4DA4-8EAF-DB72E1E15A2D}"
EndProject
Global
	GlobalSection(SolutionConfigurationPlatforms) = preSolution
		Debug|Any CPU = Debug|Any CPU
		Release|Any CPU = Release|Any CPU
	EndGlobalSection
	GlobalSection(ProjectConfigurationPlatforms) = postSolution
		{B5ED889B-CAE2-4DA4-8EAF-DB72E1E15A2D}.Debug|Any CPU.ActiveCfg = Debug|Any CPU
		{B5ED889B-CAE2-4DA4-8EAF-DB72E1E15A2D}.Debug|Any CPU.Build.0 = Debug|Any CPU
		{B5ED889B-CAE2-4DA4-8EAF-DB72E1E15A2D}.Release|Any CPU.ActiveCfg = Release|Any CPU
		{B5ED889B-CAE2-4DA4-8EAF-DB72E1E15A2D}.Release|Any CPU.Build.0 = Release|Any CPU
	EndGlobalSection
	GlobalSection(SolutionProperties) = preSolution
		HideSolutionNode = FALSE
	EndGlobalSection

	GlobalSection(ExtensibilityGlobals) = postSolution
		SolutionGuid = {F09F7466-CBF7-48AD-AE38-F7F9E8C96D11}
	EndGlobalSection
EndGlobal
